
Microsoft Visual Studio Solution File, Format Version 12.00
# Visual Studio 2012
Project("{FAE04EC0-301F-11D3-BF4B-00C04F79EFBC}") = "Pomodoro", "Pomodoro.csproj", "{4F519DF7-B63C-4B94-8102-5ED1B61D0009}"
EndProject
Project("{FAE04EC0-301F-11D3-BF4B-00C04F79EFBC}") = "Pomodoro.Tests", "..\Pomodoro.Tests\Pomodoro.Tests.csproj", "{F84B4186-A4BF-4083-AF35-907C724B4439}"
EndProject
Project("{2150E333-8FDC-42A3-9474-1A3956D46DE8}") = ".nuget", ".nuget", "{42FFBEBA-6E45-4533-9265-C9EE563C148B}"
	ProjectSection(SolutionItems) = preProject
		.nuget\packages.config = .nuget\packages.config
	EndProjectSection
EndProject
Global
	GlobalSection(SolutionConfigurationPlatforms) = preSolution
		Debug|Any CPU = Debug|Any CPU
		Release|Any CPU = Release|Any CPU
	EndGlobalSection
	GlobalSection(ProjectConfigurationPlatforms) = postSolution
		{4F519DF7-B63C-4B94-8102-5ED1B61D0009}.Debug|Any CPU.ActiveCfg = Debug|Any CPU
		{4F519DF7-B63C-4B94-8102-5ED1B61D0009}.Debug|Any CPU.Build.0 = Debug|Any CPU
		{4F519DF7-B63C-4B94-8102-5ED1B61D0009}.Release|Any CPU.ActiveCfg = Release|Any CPU
		{4F519DF7-B63C-4B94-8102-5ED1B61D0009}.Release|Any CPU.Build.0 = Release|Any CPU
		{F84B4186-A4BF-4083-AF35-907C724B4439}.Debug|Any CPU.ActiveCfg = Debug|Any CPU
		{F84B4186-A4BF-4083-AF35-907C724B4439}.Debug|Any CPU.Build.0 = Debug|Any CPU
		{F84B4186-A4BF-4083-AF35-907C724B4439}.Release|Any CPU.ActiveCfg = Release|Any CPU
		{F84B4186-A4BF-4083-AF35-907C724B4439}.Release|Any CPU.Build.0 = Release|Any CPU
	EndGlobalSection
	GlobalSection(SolutionProperties) = preSolution
		HideSolutionNode = FALSE
	EndGlobalSection
EndGlobal
